// !$*UTF8*$!
{
	archiveVersion = 1;
	classes = {
	};
	objectVersion = 56;
	objects = {

/* Begin PBXBuildFile section */
		F84CF5FA2C6BF1A6009770C9 /* TagItemView.swift in Sources */ = {isa = PBXBuildFile; fileRef = F84CF5F92C6BF1A6009770C9 /* TagItemView.swift */; };
		F85F33C92C5ED11E00FCFAA5 /* Models.swift in Sources */ = {isa = PBXBuildFile; fileRef = F85F33C82C5ED11E00FCFAA5 /* Models.swift */; };
		F85F33CB2C60020300FCFAA5 /* ChooseSourceSheet.swift in Sources */ = {isa = PBXBuildFile; fileRef = F85F33CA2C60020300FCFAA5 /* ChooseSourceSheet.swift */; };
		F85F33D52C62AD9900FCFAA5 /* HomeNavView.swift in Sources */ = {isa = PBXBuildFile; fileRef = F85F33D42C62AD9900FCFAA5 /* HomeNavView.swift */; };
		F85F33D72C62AE6B00FCFAA5 /* LibraryView.swift in Sources */ = {isa = PBXBuildFile; fileRef = F85F33D62C62AE6B00FCFAA5 /* LibraryView.swift */; };
		F85F33D92C62AF2500FCFAA5 /* QuoteView.swift in Sources */ = {isa = PBXBuildFile; fileRef = F85F33D82C62AF2500FCFAA5 /* QuoteView.swift */; };
		F85F33DB2C62B01400FCFAA5 /* QuoteOfTheDayView.swift in Sources */ = {isa = PBXBuildFile; fileRef = F85F33DA2C62B01400FCFAA5 /* QuoteOfTheDayView.swift */; };
		F85F33DD2C62BC3100FCFAA5 /* LibraryViewModel.swift in Sources */ = {isa = PBXBuildFile; fileRef = F85F33DC2C62BC3100FCFAA5 /* LibraryViewModel.swift */; };
		F85F33DF2C6416A900FCFAA5 /* SourceRowView.swift in Sources */ = {isa = PBXBuildFile; fileRef = F85F33DE2C6416A900FCFAA5 /* SourceRowView.swift */; };
		F85F33E12C6558D600FCFAA5 /* QuoteRowView.swift in Sources */ = {isa = PBXBuildFile; fileRef = F85F33E02C6558D600FCFAA5 /* QuoteRowView.swift */; };
		F8C3A0D82C59734400E2841A /* readerlyApp.swift in Sources */ = {isa = PBXBuildFile; fileRef = F8C3A0D72C59734400E2841A /* readerlyApp.swift */; };
		F8C3A0DA2C59734400E2841A /* ContentView.swift in Sources */ = {isa = PBXBuildFile; fileRef = F8C3A0D92C59734400E2841A /* ContentView.swift */; };
		F8C3A0DC2C59734500E2841A /* Assets.xcassets in Resources */ = {isa = PBXBuildFile; fileRef = F8C3A0DB2C59734500E2841A /* Assets.xcassets */; };
		F8C3A0DF2C59734500E2841A /* Preview Assets.xcassets in Resources */ = {isa = PBXBuildFile; fileRef = F8C3A0DE2C59734500E2841A /* Preview Assets.xcassets */; };
		F8C3A0E62C5AAFE000E2841A /* CameraPromptView.swift in Sources */ = {isa = PBXBuildFile; fileRef = F8C3A0E52C5AAFE000E2841A /* CameraPromptView.swift */; };
		F8C3A0F02C5ABAD100E2841A /* CameraTextfFromImageView.swift in Sources */ = {isa = PBXBuildFile; fileRef = F8C3A0EF2C5ABAD100E2841A /* CameraTextfFromImageView.swift */; };
		F8C3A0F22C5ABC3E00E2841A /* LiveTextUIImageView.swift in Sources */ = {isa = PBXBuildFile; fileRef = F8C3A0F12C5ABC3E00E2841A /* LiveTextUIImageView.swift */; };
		F8C3A0F62C5ABFA100E2841A /* ImagePicker.swift in Sources */ = {isa = PBXBuildFile; fileRef = F8C3A0F52C5ABFA100E2841A /* ImagePicker.swift */; };
		F8C3A0FA2C5BE9AA00E2841A /* CameraViewController.swift in Sources */ = {isa = PBXBuildFile; fileRef = F8C3A0F92C5BE9AA00E2841A /* CameraViewController.swift */; };
/* End PBXBuildFile section */

/* Begin PBXFileReference section */
		F84CF5F92C6BF1A6009770C9 /* TagItemView.swift */ = {isa = PBXFileReference; lastKnownFileType = sourcecode.swift; path = TagItemView.swift; sourceTree = "<group>"; };
		F85F33C82C5ED11E00FCFAA5 /* Models.swift */ = {isa = PBXFileReference; lastKnownFileType = sourcecode.swift; path = Models.swift; sourceTree = "<group>"; };
		F85F33CA2C60020300FCFAA5 /* ChooseSourceSheet.swift */ = {isa = PBXFileReference; lastKnownFileType = sourcecode.swift; path = ChooseSourceSheet.swift; sourceTree = "<group>"; };
		F85F33D42C62AD9900FCFAA5 /* HomeNavView.swift */ = {isa = PBXFileReference; lastKnownFileType = sourcecode.swift; path = HomeNavView.swift; sourceTree = "<group>"; };
		F85F33D62C62AE6B00FCFAA5 /* LibraryView.swift */ = {isa = PBXFileReference; lastKnownFileType = sourcecode.swift; path = LibraryView.swift; sourceTree = "<group>"; };
		F85F33D82C62AF2500FCFAA5 /* QuoteView.swift */ = {isa = PBXFileReference; lastKnownFileType = sourcecode.swift; path = QuoteView.swift; sourceTree = "<group>"; };
		F85F33DA2C62B01400FCFAA5 /* QuoteOfTheDayView.swift */ = {isa = PBXFileReference; lastKnownFileType = sourcecode.swift; path = QuoteOfTheDayView.swift; sourceTree = "<group>"; };
		F85F33DC2C62BC3100FCFAA5 /* LibraryViewModel.swift */ = {isa = PBXFileReference; lastKnownFileType = sourcecode.swift; path = LibraryViewModel.swift; sourceTree = "<group>"; };
		F85F33DE2C6416A900FCFAA5 /* SourceRowView.swift */ = {isa = PBXFileReference; lastKnownFileType = sourcecode.swift; path = SourceRowView.swift; sourceTree = "<group>"; };
		F85F33E02C6558D600FCFAA5 /* QuoteRowView.swift */ = {isa = PBXFileReference; lastKnownFileType = sourcecode.swift; path = QuoteRowView.swift; sourceTree = "<group>"; };
		F8C3A0D42C59734400E2841A /* readerly.app */ = {isa = PBXFileReference; explicitFileType = wrapper.application; includeInIndex = 0; path = readerly.app; sourceTree = BUILT_PRODUCTS_DIR; };
		F8C3A0D72C59734400E2841A /* readerlyApp.swift */ = {isa = PBXFileReference; lastKnownFileType = sourcecode.swift; path = readerlyApp.swift; sourceTree = "<group>"; };
		F8C3A0D92C59734400E2841A /* ContentView.swift */ = {isa = PBXFileReference; lastKnownFileType = sourcecode.swift; path = ContentView.swift; sourceTree = "<group>"; };
		F8C3A0DB2C59734500E2841A /* Assets.xcassets */ = {isa = PBXFileReference; lastKnownFileType = folder.assetcatalog; path = Assets.xcassets; sourceTree = "<group>"; };
		F8C3A0DE2C59734500E2841A /* Preview Assets.xcassets */ = {isa = PBXFileReference; lastKnownFileType = folder.assetcatalog; path = "Preview Assets.xcassets"; sourceTree = "<group>"; };
		F8C3A0E52C5AAFE000E2841A /* CameraPromptView.swift */ = {isa = PBXFileReference; lastKnownFileType = sourcecode.swift; path = CameraPromptView.swift; sourceTree = "<group>"; };
		F8C3A0EF2C5ABAD100E2841A /* CameraTextfFromImageView.swift */ = {isa = PBXFileReference; lastKnownFileType = sourcecode.swift; path = CameraTextfFromImageView.swift; sourceTree = "<group>"; };
		F8C3A0F12C5ABC3E00E2841A /* LiveTextUIImageView.swift */ = {isa = PBXFileReference; lastKnownFileType = sourcecode.swift; path = LiveTextUIImageView.swift; sourceTree = "<group>"; };
		F8C3A0F52C5ABFA100E2841A /* ImagePicker.swift */ = {isa = PBXFileReference; lastKnownFileType = sourcecode.swift; path = ImagePicker.swift; sourceTree = "<group>"; };
		F8C3A0F92C5BE9AA00E2841A /* CameraViewController.swift */ = {isa = PBXFileReference; lastKnownFileType = sourcecode.swift; path = CameraViewController.swift; sourceTree = "<group>"; };
/* End PBXFileReference section */

/* Begin PBXFrameworksBuildPhase section */
		F8C3A0D12C59734400E2841A /* Frameworks */ = {
			isa = PBXFrameworksBuildPhase;
			buildActionMask = 2147483647;
			files = (
			);
			runOnlyForDeploymentPostprocessing = 0;
		};
/* End PBXFrameworksBuildPhase section */

/* Begin PBXGroup section */
		F85F33C72C5ED11000FCFAA5 /* Models */ = {
			isa = PBXGroup;
			children = (
				F85F33C82C5ED11E00FCFAA5 /* Models.swift */,
			);
			path = Models;
			sourceTree = "<group>";
		};
		F85F33CC2C6002ED00FCFAA5 /* ViewModels */ = {
			isa = PBXGroup;
			children = (
				F85F33DC2C62BC3100FCFAA5 /* LibraryViewModel.swift */,
			);
			path = ViewModels;
			sourceTree = "<group>";
		};
		F85F33D32C62AD8A00FCFAA5 /* Views */ = {
			isa = PBXGroup;
			children = (
				F85F33D42C62AD9900FCFAA5 /* HomeNavView.swift */,
				F85F33D62C62AE6B00FCFAA5 /* LibraryView.swift */,
				F85F33D82C62AF2500FCFAA5 /* QuoteView.swift */,
				F85F33DA2C62B01400FCFAA5 /* QuoteOfTheDayView.swift */,
				F85F33DE2C6416A900FCFAA5 /* SourceRowView.swift */,
				F85F33E02C6558D600FCFAA5 /* QuoteRowView.swift */,
				F84CF5F92C6BF1A6009770C9 /* TagItemView.swift */,
			);
			path = Views;
			sourceTree = "<group>";
		};
		F8C3A0CB2C59734400E2841A = {
			isa = PBXGroup;
			children = (
				F8C3A0D62C59734400E2841A /* readerly */,
				F8C3A0D52C59734400E2841A /* Products */,
			);
			sourceTree = "<group>";
		};
		F8C3A0D52C59734400E2841A /* Products */ = {
			isa = PBXGroup;
			children = (
				F8C3A0D42C59734400E2841A /* readerly.app */,
			);
			name = Products;
			sourceTree = "<group>";
		};
		F8C3A0D62C59734400E2841A /* readerly */ = {
			isa = PBXGroup;
			children = (
				F85F33D32C62AD8A00FCFAA5 /* Views */,
				F85F33CC2C6002ED00FCFAA5 /* ViewModels */,
				F85F33C72C5ED11000FCFAA5 /* Models */,
				F8C3A0F72C5BE5F800E2841A /* CameraView */,
				F8C3A0D72C59734400E2841A /* readerlyApp.swift */,
				F8C3A0D92C59734400E2841A /* ContentView.swift */,
				F8C3A0F52C5ABFA100E2841A /* ImagePicker.swift */,
				F8C3A0DB2C59734500E2841A /* Assets.xcassets */,
				F8C3A0DD2C59734500E2841A /* Preview Content */,
			);
			path = readerly;
			sourceTree = "<group>";
		};
		F8C3A0DD2C59734500E2841A /* Preview Content */ = {
			isa = PBXGroup;
			children = (
				F8C3A0DE2C59734500E2841A /* Preview Assets.xcassets */,
			);
			path = "Preview Content";
			sourceTree = "<group>";
		};
		F8C3A0F72C5BE5F800E2841A /* CameraView */ = {
			isa = PBXGroup;
			children = (
				F8C3A0EF2C5ABAD100E2841A /* CameraTextfFromImageView.swift */,
				F8C3A0E52C5AAFE000E2841A /* CameraPromptView.swift */,
				F8C3A0F12C5ABC3E00E2841A /* LiveTextUIImageView.swift */,
				F8C3A0F92C5BE9AA00E2841A /* CameraViewController.swift */,
				F85F33CA2C60020300FCFAA5 /* ChooseSourceSheet.swift */,
			);
			path = CameraView;
			sourceTree = "<group>";
		};
/* End PBXGroup section */

/* Begin PBXNativeTarget section */
		F8C3A0D32C59734400E2841A /* readerly */ = {
			isa = PBXNativeTarget;
			buildConfigurationList = F8C3A0E22C59734500E2841A /* Build configuration list for PBXNativeTarget "readerly" */;
			buildPhases = (
				F8C3A0D02C59734400E2841A /* Sources */,
				F8C3A0D12C59734400E2841A /* Frameworks */,
				F8C3A0D22C59734400E2841A /* Resources */,
			);
			buildRules = (
			);
			dependencies = (
			);
			name = readerly;
			productName = readerly;
			productReference = F8C3A0D42C59734400E2841A /* readerly.app */;
			productType = "com.apple.product-type.application";
		};
/* End PBXNativeTarget section */

/* Begin PBXProject section */
		F8C3A0CC2C59734400E2841A /* Project object */ = {
			isa = PBXProject;
			attributes = {
				BuildIndependentTargetsInParallel = 1;
				LastSwiftUpdateCheck = 1530;
				LastUpgradeCheck = 1530;
				TargetAttributes = {
					F8C3A0D32C59734400E2841A = {
						CreatedOnToolsVersion = 15.3;
					};
				};
			};
			buildConfigurationList = F8C3A0CF2C59734400E2841A /* Build configuration list for PBXProject "readerly" */;
			compatibilityVersion = "Xcode 14.0";
			developmentRegion = en;
			hasScannedForEncodings = 0;
			knownRegions = (
				en,
				Base,
			);
			mainGroup = F8C3A0CB2C59734400E2841A;
			productRefGroup = F8C3A0D52C59734400E2841A /* Products */;
			projectDirPath = "";
			projectRoot = "";
			targets = (
				F8C3A0D32C59734400E2841A /* readerly */,
			);
		};
/* End PBXProject section */

/* Begin PBXResourcesBuildPhase section */
		F8C3A0D22C59734400E2841A /* Resources */ = {
			isa = PBXResourcesBuildPhase;
			buildActionMask = 2147483647;
			files = (
				F8C3A0DF2C59734500E2841A /* Preview Assets.xcassets in Resources */,
				F8C3A0DC2C59734500E2841A /* Assets.xcassets in Resources */,
			);
			runOnlyForDeploymentPostprocessing = 0;
		};
/* End PBXResourcesBuildPhase section */

/* Begin PBXSourcesBuildPhase section */
		F8C3A0D02C59734400E2841A /* Sources */ = {
			isa = PBXSourcesBuildPhase;
			buildActionMask = 2147483647;
			files = (
				F85F33DD2C62BC3100FCFAA5 /* LibraryViewModel.swift in Sources */,
				F85F33D72C62AE6B00FCFAA5 /* LibraryView.swift in Sources */,
				F85F33D92C62AF2500FCFAA5 /* QuoteView.swift in Sources */,
				F85F33CB2C60020300FCFAA5 /* ChooseSourceSheet.swift in Sources */,
				F8C3A0F02C5ABAD100E2841A /* CameraTextfFromImageView.swift in Sources */,
				F84CF5FA2C6BF1A6009770C9 /* TagItemView.swift in Sources */,
				F8C3A0F22C5ABC3E00E2841A /* LiveTextUIImageView.swift in Sources */,
				F8C3A0DA2C59734400E2841A /* ContentView.swift in Sources */,
				F85F33C92C5ED11E00FCFAA5 /* Models.swift in Sources */,
				F8C3A0F62C5ABFA100E2841A /* ImagePicker.swift in Sources */,
				F85F33D52C62AD9900FCFAA5 /* HomeNavView.swift in Sources */,
				F8C3A0D82C59734400E2841A /* readerlyApp.swift in Sources */,
				F8C3A0E62C5AAFE000E2841A /* CameraPromptView.swift in Sources */,
				F8C3A0FA2C5BE9AA00E2841A /* CameraViewController.swift in Sources */,
				F85F33DF2C6416A900FCFAA5 /* SourceRowView.swift in Sources */,
				F85F33E12C6558D600FCFAA5 /* QuoteRowView.swift in Sources */,
				F85F33DB2C62B01400FCFAA5 /* QuoteOfTheDayView.swift in Sources */,
			);
			runOnlyForDeploymentPostprocessing = 0;
		};
/* End PBXSourcesBuildPhase section */

/* Begin XCBuildConfiguration section */
		F8C3A0E02C59734500E2841A /* Debug */ = {
			isa = XCBuildConfiguration;
			buildSettings = {
				ALWAYS_SEARCH_USER_PATHS = NO;
				ASSETCATALOG_COMPILER_GENERATE_SWIFT_ASSET_SYMBOL_EXTENSIONS = YES;
				CLANG_ANALYZER_NONNULL = YES;
				CLANG_ANALYZER_NUMBER_OBJECT_CONVERSION = YES_AGGRESSIVE;
				CLANG_CXX_LANGUAGE_STANDARD = "gnu++20";
				CLANG_ENABLE_MODULES = YES;
				CLANG_ENABLE_OBJC_ARC = YES;
				CLANG_ENABLE_OBJC_WEAK = YES;
				CLANG_WARN_BLOCK_CAPTURE_AUTORELEASING = YES;
				CLANG_WARN_BOOL_CONVERSION = YES;
				CLANG_WARN_COMMA = YES;
				CLANG_WARN_CONSTANT_CONVERSION = YES;
				CLANG_WARN_DEPRECATED_OBJC_IMPLEMENTATIONS = YES;
				CLANG_WARN_DIRECT_OBJC_ISA_USAGE = YES_ERROR;
				CLANG_WARN_DOCUMENTATION_COMMENTS = YES;
				CLANG_WARN_EMPTY_BODY = YES;
				CLANG_WARN_ENUM_CONVERSION = YES;
				CLANG_WARN_INFINITE_RECURSION = YES;
				CLANG_WARN_INT_CONVERSION = YES;
				CLANG_WARN_NON_LITERAL_NULL_CONVERSION = YES;
				CLANG_WARN_OBJC_IMPLICIT_RETAIN_SELF = YES;
				CLANG_WARN_OBJC_LITERAL_CONVERSION = YES;
				CLANG_WARN_OBJC_ROOT_CLASS = YES_ERROR;
				CLANG_WARN_QUOTED_INCLUDE_IN_FRAMEWORK_HEADER = YES;
				CLANG_WARN_RANGE_LOOP_ANALYSIS = YES;
				CLANG_WARN_STRICT_PROTOTYPES = YES;
				CLANG_WARN_SUSPICIOUS_MOVE = YES;
				CLANG_WARN_UNGUARDED_AVAILABILITY = YES_AGGRESSIVE;
				CLANG_WARN_UNREACHABLE_CODE = YES;
				CLANG_WARN__DUPLICATE_METHOD_MATCH = YES;
				COPY_PHASE_STRIP = NO;
				DEBUG_INFORMATION_FORMAT = dwarf;
				ENABLE_STRICT_OBJC_MSGSEND = YES;
				ENABLE_TESTABILITY = YES;
				ENABLE_USER_SCRIPT_SANDBOXING = YES;
				GCC_C_LANGUAGE_STANDARD = gnu17;
				GCC_DYNAMIC_NO_PIC = NO;
				GCC_NO_COMMON_BLOCKS = YES;
				GCC_OPTIMIZATION_LEVEL = 0;
				GCC_PREPROCESSOR_DEFINITIONS = (
					"DEBUG=1",
					"$(inherited)",
				);
				GCC_WARN_64_TO_32_BIT_CONVERSION = YES;
				GCC_WARN_ABOUT_RETURN_TYPE = YES_ERROR;
				GCC_WARN_UNDECLARED_SELECTOR = YES;
				GCC_WARN_UNINITIALIZED_AUTOS = YES_AGGRESSIVE;
				GCC_WARN_UNUSED_FUNCTION = YES;
				GCC_WARN_UNUSED_VARIABLE = YES;
				IPHONEOS_DEPLOYMENT_TARGET = 17.4;
				LOCALIZATION_PREFERS_STRING_CATALOGS = YES;
				MTL_ENABLE_DEBUG_INFO = INCLUDE_SOURCE;
				MTL_FAST_MATH = YES;
				ONLY_ACTIVE_ARCH = YES;
				SDKROOT = iphoneos;
				SWIFT_ACTIVE_COMPILATION_CONDITIONS = "DEBUG $(inherited)";
				SWIFT_OPTIMIZATION_LEVEL = "-Onone";
			};
			name = Debug;
		};
		F8C3A0E12C59734500E2841A /* Release */ = {
			isa = XCBuildConfiguration;
			buildSettings = {
				ALWAYS_SEARCH_USER_PATHS = NO;
				ASSETCATALOG_COMPILER_GENERATE_SWIFT_ASSET_SYMBOL_EXTENSIONS = YES;
				CLANG_ANALYZER_NONNULL = YES;
				CLANG_ANALYZER_NUMBER_OBJECT_CONVERSION = YES_AGGRESSIVE;
				CLANG_CXX_LANGUAGE_STANDARD = "gnu++20";
				CLANG_ENABLE_MODULES = YES;
				CLANG_ENABLE_OBJC_ARC = YES;
				CLANG_ENABLE_OBJC_WEAK = YES;
				CLANG_WARN_BLOCK_CAPTURE_AUTORELEASING = YES;
				CLANG_WARN_BOOL_CONVERSION = YES;
				CLANG_WARN_COMMA = YES;
				CLANG_WARN_CONSTANT_CONVERSION = YES;
				CLANG_WARN_DEPRECATED_OBJC_IMPLEMENTATIONS = YES;
				CLANG_WARN_DIRECT_OBJC_ISA_USAGE = YES_ERROR;
				CLANG_WARN_DOCUMENTATION_COMMENTS = YES;
				CLANG_WARN_EMPTY_BODY = YES;
				CLANG_WARN_ENUM_CONVERSION = YES;
				CLANG_WARN_INFINITE_RECURSION = YES;
				CLANG_WARN_INT_CONVERSION = YES;
				CLANG_WARN_NON_LITERAL_NULL_CONVERSION = YES;
				CLANG_WARN_OBJC_IMPLICIT_RETAIN_SELF = YES;
				CLANG_WARN_OBJC_LITERAL_CONVERSION = YES;
				CLANG_WARN_OBJC_ROOT_CLASS = YES_ERROR;
				CLANG_WARN_QUOTED_INCLUDE_IN_FRAMEWORK_HEADER = YES;
				CLANG_WARN_RANGE_LOOP_ANALYSIS = YES;
				CLANG_WARN_STRICT_PROTOTYPES = YES;
				CLANG_WARN_SUSPICIOUS_MOVE = YES;
				CLANG_WARN_UNGUARDED_AVAILABILITY = YES_AGGRESSIVE;
				CLANG_WARN_UNREACHABLE_CODE = YES;
				CLANG_WARN__DUPLICATE_METHOD_MATCH = YES;
				COPY_PHASE_STRIP = NO;
				DEBUG_INFORMATION_FORMAT = "dwarf-with-dsym";
				ENABLE_NS_ASSERTIONS = NO;
				ENABLE_STRICT_OBJC_MSGSEND = YES;
				ENABLE_USER_SCRIPT_SANDBOXING = YES;
				GCC_C_LANGUAGE_STANDARD = gnu17;
				GCC_NO_COMMON_BLOCKS = YES;
				GCC_WARN_64_TO_32_BIT_CONVERSION = YES;
				GCC_WARN_ABOUT_RETURN_TYPE = YES_ERROR;
				GCC_WARN_UNDECLARED_SELECTOR = YES;
				GCC_WARN_UNINITIALIZED_AUTOS = YES_AGGRESSIVE;
				GCC_WARN_UNUSED_FUNCTION = YES;
				GCC_WARN_UNUSED_VARIABLE = YES;
				IPHONEOS_DEPLOYMENT_TARGET = 17.4;
				LOCALIZATION_PREFERS_STRING_CATALOGS = YES;
				MTL_ENABLE_DEBUG_INFO = NO;
				MTL_FAST_MATH = YES;
				SDKROOT = iphoneos;
				SWIFT_COMPILATION_MODE = wholemodule;
				VALIDATE_PRODUCT = YES;
			};
			name = Release;
		};
		F8C3A0E32C59734500E2841A /* Debug */ = {
			isa = XCBuildConfiguration;
			buildSettings = {
				ASSETCATALOG_COMPILER_APPICON_NAME = AppIcon;
				ASSETCATALOG_COMPILER_GLOBAL_ACCENT_COLOR_NAME = AccentColor;
				CODE_SIGN_STYLE = Automatic;
				CURRENT_PROJECT_VERSION = 1;
				DEVELOPMENT_ASSET_PATHS = "\"readerly/Preview Content\"";
				DEVELOPMENT_TEAM = F96K8QGHZR;
				ENABLE_PREVIEWS = YES;
				GENERATE_INFOPLIST_FILE = YES;
				INFOPLIST_KEY_NSCameraUsageDescription = "Would like to scan images for text";
				INFOPLIST_KEY_UIApplicationSceneManifest_Generation = YES;
				INFOPLIST_KEY_UIApplicationSupportsIndirectInputEvents = YES;
				INFOPLIST_KEY_UILaunchScreen_Generation = YES;
				INFOPLIST_KEY_UISupportedInterfaceOrientations_iPad = "UIInterfaceOrientationPortrait UIInterfaceOrientationPortraitUpsideDown UIInterfaceOrientationLandscapeLeft UIInterfaceOrientationLandscapeRight";
				INFOPLIST_KEY_UISupportedInterfaceOrientations_iPhone = "UIInterfaceOrientationPortrait UIInterfaceOrientationLandscapeLeft UIInterfaceOrientationLandscapeRight";
				LD_RUNPATH_SEARCH_PATHS = (
					"$(inherited)",
					"@executable_path/Frameworks",
				);
				MARKETING_VERSION = 1.0;
				PRODUCT_BUNDLE_IDENTIFIER = "com.example.readerly-demo";
				PRODUCT_NAME = "$(TARGET_NAME)";
				SWIFT_EMIT_LOC_STRINGS = YES;
				SWIFT_VERSION = 5.0;
				TARGETED_DEVICE_FAMILY = "1,2";
			};
			name = Debug;
		};
		F8C3A0E42C59734500E2841A /* Release */ = {
			isa = XCBuildConfiguration;
			buildSettings = {
				ASSETCATALOG_COMPILER_APPICON_NAME = AppIcon;
				ASSETCATALOG_COMPILER_GLOBAL_ACCENT_COLOR_NAME = AccentColor;
				CODE_SIGN_STYLE = Automatic;
				CURRENT_PROJECT_VERSION = 1;
				DEVELOPMENT_ASSET_PATHS = "\"readerly/Preview Content\"";
				DEVELOPMENT_TEAM = F96K8QGHZR;
				ENABLE_PREVIEWS = YES;
				GENERATE_INFOPLIST_FILE = YES;
				INFOPLIST_KEY_NSCameraUsageDescription = "Would like to scan images for text";
				INFOPLIST_KEY_UIApplicationSceneManifest_Generation = YES;
				INFOPLIST_KEY_UIApplicationSupportsIndirectInputEvents = YES;
				INFOPLIST_KEY_UILaunchScreen_Generation = YES;
				INFOPLIST_KEY_UISupportedInterfaceOrientations_iPad = "UIInterfaceOrientationPortrait UIInterfaceOrientationPortraitUpsideDown UIInterfaceOrientationLandscapeLeft UIInterfaceOrientationLandscapeRight";
				INFOPLIST_KEY_UISupportedInterfaceOrientations_iPhone = "UIInterfaceOrientationPortrait UIInterfaceOrientationLandscapeLeft UIInterfaceOrientationLandscapeRight";
				LD_RUNPATH_SEARCH_PATHS = (
					"$(inherited)",
					"@executable_path/Frameworks",
				);
				MARKETING_VERSION = 1.0;
				PRODUCT_BUNDLE_IDENTIFIER = "com.example.readerly-demo";
				PRODUCT_NAME = "$(TARGET_NAME)";
				SWIFT_EMIT_LOC_STRINGS = YES;
				SWIFT_VERSION = 5.0;
				TARGETED_DEVICE_FAMILY = "1,2";
			};
			name = Release;
		};
/* End XCBuildConfiguration section */

/* Begin XCConfigurationList section */
		F8C3A0CF2C59734400E2841A /* Build configuration list for PBXProject "readerly" */ = {
			isa = XCConfigurationList;
			buildConfigurations = (
				F8C3A0E02C59734500E2841A /* Debug */,
				F8C3A0E12C59734500E2841A /* Release */,
			);
			defaultConfigurationIsVisible = 0;
			defaultConfigurationName = Release;
		};
		F8C3A0E22C59734500E2841A /* Build configuration list for PBXNativeTarget "readerly" */ = {
			isa = XCConfigurationList;
			buildConfigurations = (
				F8C3A0E32C59734500E2841A /* Debug */,
				F8C3A0E42C59734500E2841A /* Release */,
			);
			defaultConfigurationIsVisible = 0;
			defaultConfigurationName = Release;
		};
/* End XCConfigurationList section */
	};
	rootObject = F8C3A0CC2C59734400E2841A /* Project object */;
}
